
Microsoft Visual Studio Solution File, Format Version 12.00
# Visual Studio Version 17
VisualStudioVersion = 17.9.34902.65
MinimumVisualStudioVersion = 10.0.40219.1
Project("{FAE04EC0-301F-11D3-BF4B-00C04F79EFBC}") = "MessageApp.API", "MessageApp.API\MessageApp.API.csproj", "{CEA7C9A2-0199-4580-9F2A-CA5B9470E017}"
EndProject
Project("{FAE04EC0-301F-11D3-BF4B-00C04F79EFBC}") = "MessageApp.SenderClient", "MessageApp.SenderClient\MessageApp.SenderClient.csproj", "{2BC2446D-9415-486A-A696-7CB1EC016ECB}"
EndProject
Project("{FAE04EC0-301F-11D3-BF4B-00C04F79EFBC}") = "MessageApp.ReceiverClient", "MessageApp.ReceiverClient\MessageApp.ReceiverClient.csproj", "{2E186B71-6892-4F70-A353-18901280C277}"
EndProject
Project("{FAE04EC0-301F-11D3-BF4B-00C04F79EFBC}") = "MessageApp.HistoryClient", "MessageApp.HistoryClient\MessageApp.HistoryClient.csproj", "{4F0FD563-A791-4003-BF08-2D543021B098}"
EndProject
Project("{FAE04EC0-301F-11D3-BF4B-00C04F79EFBC}") = "MessageApp.DAL", "MessageApp.DAL\MessageApp.DAL.csproj", "{703CD063-28A0-43F8-81AB-A64FEC1DB249}"
EndProject
Global
	GlobalSection(SolutionConfigurationPlatforms) = preSolution
		Debug|Any CPU = Debug|Any CPU
		Release|Any CPU = Release|Any CPU
	EndGlobalSection
	GlobalSection(ProjectConfigurationPlatforms) = postSolution
		{CEA7C9A2-0199-4580-9F2A-CA5B9470E017}.Debug|Any CPU.ActiveCfg = Debug|Any CPU
		{CEA7C9A2-0199-4580-9F2A-CA5B9470E017}.Debug|Any CPU.Build.0 = Debug|Any CPU
		{CEA7C9A2-0199-4580-9F2A-CA5B9470E017}.Release|Any CPU.ActiveCfg = Release|Any CPU
		{CEA7C9A2-0199-4580-9F2A-CA5B9470E017}.Release|Any CPU.Build.0 = Release|Any CPU
		{2BC2446D-9415-486A-A696-7CB1EC016ECB}.Debug|Any CPU.ActiveCfg = Debug|Any CPU
		{2BC2446D-9415-486A-A696-7CB1EC016ECB}.Debug|Any CPU.Build.0 = Debug|Any CPU
		{2BC2446D-9415-486A-A696-7CB1EC016ECB}.Release|Any CPU.ActiveCfg = Release|Any CPU
		{2BC2446D-9415-486A-A696-7CB1EC016ECB}.Release|Any CPU.Build.0 = Release|Any CPU
		{2E186B71-6892-4F70-A353-18901280C277}.Debug|Any CPU.ActiveCfg = Debug|Any CPU
		{2E186B71-6892-4F70-A353-18901280C277}.Debug|Any CPU.Build.0 = Debug|Any CPU
		{2E186B71-6892-4F70-A353-18901280C277}.Release|Any CPU.ActiveCfg = Release|Any CPU
		{2E186B71-6892-4F70-A353-18901280C277}.Release|Any CPU.Build.0 = Release|Any CPU
		{4F0FD563-A791-4003-BF08-2D543021B098}.Debug|Any CPU.ActiveCfg = Debug|Any CPU
		{4F0FD563-A791-4003-BF08-2D543021B098}.Debug|Any CPU.Build.0 = Debug|Any CPU
		{4F0FD563-A791-4003-BF08-2D543021B098}.Release|Any CPU.ActiveCfg = Release|Any CPU
		{4F0FD563-A791-4003-BF08-2D543021B098}.Release|Any CPU.Build.0 = Release|Any CPU
		{703CD063-28A0-43F8-81AB-A64FEC1DB249}.Debug|Any CPU.ActiveCfg = Debug|Any CPU
		{703CD063-28A0-43F8-81AB-A64FEC1DB249}.Debug|Any CPU.Build.0 = Debug|Any CPU
		{703CD063-28A0-43F8-81AB-A64FEC1DB249}.Release|Any CPU.ActiveCfg = Release|Any CPU
		{703CD063-28A0-43F8-81AB-A64FEC1DB249}.Release|Any CPU.Build.0 = Release|Any CPU
	EndGlobalSection
	GlobalSection(SolutionProperties) = preSolution
		HideSolutionNode = FALSE
	EndGlobalSection
	GlobalSection(ExtensibilityGlobals) = postSolution
		SolutionGuid = {843050DA-3C45-4C61-BAC3-22CF849749D6}
	EndGlobalSection
EndGlobal
